// !$*UTF8*$!
{
	archiveVersion = 1;
	classes = {
	};
	objectVersion = 48;
	objects = {

/* Begin PBXBuildFile section */
		1395C9C22152DCD3006D4B6E /* Assets.xcassets in Resources */ = {isa = PBXBuildFile; fileRef = 1395C9A02152DCD2006D4B6E /* Assets.xcassets */; };
		1395C9C32152DCD3006D4B6E /* Location.swift in Sources */ = {isa = PBXBuildFile; fileRef = 1395C9A32152DCD2006D4B6E /* Location.swift */; };
		1395C9C42152DCD3006D4B6E /* Deliveries.swift in Sources */ = {isa = PBXBuildFile; fileRef = 1395C9A42152DCD2006D4B6E /* Deliveries.swift */; };
		1395C9C52152DCD3006D4B6E /* ControllersEnum.swift in Sources */ = {isa = PBXBuildFile; fileRef = 1395C9A72152DCD2006D4B6E /* ControllersEnum.swift */; };
		1395C9C62152DCD3006D4B6E /* UIAlertController+Extension.swift in Sources */ = {isa = PBXBuildFile; fileRef = 1395C9A92152DCD2006D4B6E /* UIAlertController+Extension.swift */; };
		1395C9C72152DCD3006D4B6E /* UILabel+Extension.swift in Sources */ = {isa = PBXBuildFile; fileRef = 1395C9AA2152DCD2006D4B6E /* UILabel+Extension.swift */; };
		1395C9C82152DCD3006D4B6E /* UIViewcontroller+Extension.swift in Sources */ = {isa = PBXBuildFile; fileRef = 1395C9AB2152DCD2006D4B6E /* UIViewcontroller+Extension.swift */; };
		1395C9C92152DCD3006D4B6E /* Alamofire+Extension.swift in Sources */ = {isa = PBXBuildFile; fileRef = 1395C9AC2152DCD2006D4B6E /* Alamofire+Extension.swift */; };
		1395C9CA2152DCD3006D4B6E /* VHUD+Extension.swift in Sources */ = {isa = PBXBuildFile; fileRef = 1395C9AD2152DCD2006D4B6E /* VHUD+Extension.swift */; };
		1395C9CB2152DCD3006D4B6E /* UITableView+Extension.swift in Sources */ = {isa = PBXBuildFile; fileRef = 1395C9AE2152DCD2006D4B6E /* UITableView+Extension.swift */; };
		1395C9CC2152DCD3006D4B6E /* AppDelegate.swift in Sources */ = {isa = PBXBuildFile; fileRef = 1395C9AF2152DCD2006D4B6E /* AppDelegate.swift */; };
		1395C9CD2152DCD3006D4B6E /* Launch Screen.storyboard in Resources */ = {isa = PBXBuildFile; fileRef = 1395C9B02152DCD2006D4B6E /* Launch Screen.storyboard */; };
		1395C9CE2152DCD3006D4B6E /* DeliveriesListViewController.swift in Sources */ = {isa = PBXBuildFile; fileRef = 1395C9B32152DCD2006D4B6E /* DeliveriesListViewController.swift */; };
		1395C9CF2152DCD3006D4B6E /* DeliverDetailViewController.swift in Sources */ = {isa = PBXBuildFile; fileRef = 1395C9B52152DCD2006D4B6E /* DeliverDetailViewController.swift */; };
		1395C9D02152DCD3006D4B6E /* Constants.swift in Sources */ = {isa = PBXBuildFile; fileRef = 1395C9B72152DCD3006D4B6E /* Constants.swift */; };
		1395C9D12152DCD3006D4B6E /* Strings.swift in Sources */ = {isa = PBXBuildFile; fileRef = 1395C9B82152DCD3006D4B6E /* Strings.swift */; };
		1395C9D22152DCD3006D4B6E /* Webservice.swift in Sources */ = {isa = PBXBuildFile; fileRef = 1395C9B92152DCD3006D4B6E /* Webservice.swift */; };
		1395C9D32152DCD3006D4B6E /* DeliveriesView.swift in Sources */ = {isa = PBXBuildFile; fileRef = 1395C9BC2152DCD3006D4B6E /* DeliveriesView.swift */; };
		1395C9D42152DCD3006D4B6E /* DeliveryDetailView.swift in Sources */ = {isa = PBXBuildFile; fileRef = 1395C9BE2152DCD3006D4B6E /* DeliveryDetailView.swift */; };
		1395C9D52152DCD3006D4B6E /* DeliveriesTableViewCell.swift in Sources */ = {isa = PBXBuildFile; fileRef = 1395C9C12152DCD3006D4B6E /* DeliveriesTableViewCell.swift */; };
		6449067BA28B84CEA796BDC6 /* Pods_SwiftChallange.framework in Frameworks */ = {isa = PBXBuildFile; fileRef = C2B316B51ED022A27B2F1A97 /* Pods_SwiftChallange.framework */; };
/* End PBXBuildFile section */

/* Begin PBXFileReference section */
		1395C98B2152DC40006D4B6E /* SwiftChallange.app */ = {isa = PBXFileReference; explicitFileType = wrapper.application; includeInIndex = 0; path = SwiftChallange.app; sourceTree = BUILT_PRODUCTS_DIR; };
		1395C99A2152DC40006D4B6E /* Info.plist */ = {isa = PBXFileReference; lastKnownFileType = text.plist.xml; path = Info.plist; sourceTree = "<group>"; };
		1395C9A02152DCD2006D4B6E /* Assets.xcassets */ = {isa = PBXFileReference; lastKnownFileType = folder.assetcatalog; name = Assets.xcassets; path = ../../SwiftChallenge/SwiftChallenge/Assets.xcassets; sourceTree = "<group>"; };
		1395C9A32152DCD2006D4B6E /* Location.swift */ = {isa = PBXFileReference; fileEncoding = 4; lastKnownFileType = sourcecode.swift; path = Location.swift; sourceTree = "<group>"; };
		1395C9A42152DCD2006D4B6E /* Deliveries.swift */ = {isa = PBXFileReference; fileEncoding = 4; lastKnownFileType = sourcecode.swift; path = Deliveries.swift; sourceTree = "<group>"; };
		1395C9A72152DCD2006D4B6E /* ControllersEnum.swift */ = {isa = PBXFileReference; fileEncoding = 4; lastKnownFileType = sourcecode.swift; path = ControllersEnum.swift; sourceTree = "<group>"; };
		1395C9A92152DCD2006D4B6E /* UIAlertController+Extension.swift */ = {isa = PBXFileReference; fileEncoding = 4; lastKnownFileType = sourcecode.swift; path = "UIAlertController+Extension.swift"; sourceTree = "<group>"; };
		1395C9AA2152DCD2006D4B6E /* UILabel+Extension.swift */ = {isa = PBXFileReference; fileEncoding = 4; lastKnownFileType = sourcecode.swift; path = "UILabel+Extension.swift"; sourceTree = "<group>"; };
		1395C9AB2152DCD2006D4B6E /* UIViewcontroller+Extension.swift */ = {isa = PBXFileReference; fileEncoding = 4; lastKnownFileType = sourcecode.swift; path = "UIViewcontroller+Extension.swift"; sourceTree = "<group>"; };
		1395C9AC2152DCD2006D4B6E /* Alamofire+Extension.swift */ = {isa = PBXFileReference; fileEncoding = 4; lastKnownFileType = sourcecode.swift; path = "Alamofire+Extension.swift"; sourceTree = "<group>"; };
		1395C9AD2152DCD2006D4B6E /* VHUD+Extension.swift */ = {isa = PBXFileReference; fileEncoding = 4; lastKnownFileType = sourcecode.swift; path = "VHUD+Extension.swift"; sourceTree = "<group>"; };
		1395C9AE2152DCD2006D4B6E /* UITableView+Extension.swift */ = {isa = PBXFileReference; fileEncoding = 4; lastKnownFileType = sourcecode.swift; path = "UITableView+Extension.swift"; sourceTree = "<group>"; };
		1395C9AF2152DCD2006D4B6E /* AppDelegate.swift */ = {isa = PBXFileReference; fileEncoding = 4; lastKnownFileType = sourcecode.swift; name = AppDelegate.swift; path = ../../SwiftChallenge/SwiftChallenge/AppDelegate.swift; sourceTree = "<group>"; };
		1395C9B02152DCD2006D4B6E /* Launch Screen.storyboard */ = {isa = PBXFileReference; fileEncoding = 4; lastKnownFileType = file.storyboard; name = "Launch Screen.storyboard"; path = "../../SwiftChallenge/SwiftChallenge/Launch Screen.storyboard"; sourceTree = "<group>"; };
		1395C9B32152DCD2006D4B6E /* DeliveriesListViewController.swift */ = {isa = PBXFileReference; fileEncoding = 4; lastKnownFileType = sourcecode.swift; path = DeliveriesListViewController.swift; sourceTree = "<group>"; };
		1395C9B52152DCD2006D4B6E /* DeliverDetailViewController.swift */ = {isa = PBXFileReference; fileEncoding = 4; lastKnownFileType = sourcecode.swift; path = DeliverDetailViewController.swift; sourceTree = "<group>"; };
		1395C9B72152DCD3006D4B6E /* Constants.swift */ = {isa = PBXFileReference; fileEncoding = 4; lastKnownFileType = sourcecode.swift; path = Constants.swift; sourceTree = "<group>"; };
		1395C9B82152DCD3006D4B6E /* Strings.swift */ = {isa = PBXFileReference; fileEncoding = 4; lastKnownFileType = sourcecode.swift; path = Strings.swift; sourceTree = "<group>"; };
		1395C9B92152DCD3006D4B6E /* Webservice.swift */ = {isa = PBXFileReference; fileEncoding = 4; lastKnownFileType = sourcecode.swift; path = Webservice.swift; sourceTree = "<group>"; };
		1395C9BC2152DCD3006D4B6E /* DeliveriesView.swift */ = {isa = PBXFileReference; fileEncoding = 4; lastKnownFileType = sourcecode.swift; path = DeliveriesView.swift; sourceTree = "<group>"; };
		1395C9BE2152DCD3006D4B6E /* DeliveryDetailView.swift */ = {isa = PBXFileReference; fileEncoding = 4; lastKnownFileType = sourcecode.swift; path = DeliveryDetailView.swift; sourceTree = "<group>"; };
		1395C9C12152DCD3006D4B6E /* DeliveriesTableViewCell.swift */ = {isa = PBXFileReference; fileEncoding = 4; lastKnownFileType = sourcecode.swift; path = DeliveriesTableViewCell.swift; sourceTree = "<group>"; };
		28950139BAF4B7E39F393CC0 /* Pods-SwiftChallange.debug.xcconfig */ = {isa = PBXFileReference; includeInIndex = 1; lastKnownFileType = text.xcconfig; name = "Pods-SwiftChallange.debug.xcconfig"; path = "Pods/Target Support Files/Pods-SwiftChallange/Pods-SwiftChallange.debug.xcconfig"; sourceTree = "<group>"; };
		3D299A9E3D54520BDC4ACDBC /* Pods-SwiftChallange.release.xcconfig */ = {isa = PBXFileReference; includeInIndex = 1; lastKnownFileType = text.xcconfig; name = "Pods-SwiftChallange.release.xcconfig"; path = "Pods/Target Support Files/Pods-SwiftChallange/Pods-SwiftChallange.release.xcconfig"; sourceTree = "<group>"; };
		C2B316B51ED022A27B2F1A97 /* Pods_SwiftChallange.framework */ = {isa = PBXFileReference; explicitFileType = wrapper.framework; includeInIndex = 0; path = Pods_SwiftChallange.framework; sourceTree = BUILT_PRODUCTS_DIR; };
/* End PBXFileReference section */

/* Begin PBXFrameworksBuildPhase section */
		1395C9882152DC40006D4B6E /* Frameworks */ = {
			isa = PBXFrameworksBuildPhase;
			buildActionMask = 2147483647;
			files = (
				6449067BA28B84CEA796BDC6 /* Pods_SwiftChallange.framework in Frameworks */,
			);
			runOnlyForDeploymentPostprocessing = 0;
		};
/* End PBXFrameworksBuildPhase section */

/* Begin PBXGroup section */
		121E30BAECD0E6C0EFFD36AF /* Frameworks */ = {
			isa = PBXGroup;
			children = (
				C2B316B51ED022A27B2F1A97 /* Pods_SwiftChallange.framework */,
			);
			name = Frameworks;
			sourceTree = "<group>";
		};
		1395C9822152DC40006D4B6E = {
			isa = PBXGroup;
			children = (
				1395C98D2152DC40006D4B6E /* SwiftChallange */,
				1395C98C2152DC40006D4B6E /* Products */,
				5C8C3B11BE3C4BD66F478421 /* Pods */,
				121E30BAECD0E6C0EFFD36AF /* Frameworks */,
			);
			sourceTree = "<group>";
		};
		1395C98C2152DC40006D4B6E /* Products */ = {
			isa = PBXGroup;
			children = (
				1395C98B2152DC40006D4B6E /* SwiftChallange.app */,
			);
			name = Products;
			sourceTree = "<group>";
		};
		1395C98D2152DC40006D4B6E /* SwiftChallange */ = {
			isa = PBXGroup;
			children = (
				1395C9AF2152DCD2006D4B6E /* AppDelegate.swift */,
				1395C9A02152DCD2006D4B6E /* Assets.xcassets */,
				1395C9A52152DCD2006D4B6E /* Base.lproj */,
				1395C9BF2152DCD3006D4B6E /* Cells */,
				1395C9B12152DCD2006D4B6E /* Controllers */,
				1395C9A62152DCD2006D4B6E /* Enums */,
				1395C9A82152DCD2006D4B6E /* Extenssions */,
				1395C9B02152DCD2006D4B6E /* Launch Screen.storyboard */,
				1395C9A12152DCD2006D4B6E /* Model */,
				1395C9B62152DCD3006D4B6E /* Utilities */,
				1395C9BA2152DCD3006D4B6E /* View */,
				1395C99A2152DC40006D4B6E /* Info.plist */,
			);
			path = SwiftChallange;
			sourceTree = "<group>";
		};
		1395C9A12152DCD2006D4B6E /* Model */ = {
			isa = PBXGroup;
			children = (
				1395C9A22152DCD2006D4B6E /* DeliveriesList */,
			);
			name = Model;
			path = ../../SwiftChallenge/SwiftChallenge/Model;
			sourceTree = "<group>";
		};
		1395C9A22152DCD2006D4B6E /* DeliveriesList */ = {
			isa = PBXGroup;
			children = (
				1395C9A32152DCD2006D4B6E /* Location.swift */,
				1395C9A42152DCD2006D4B6E /* Deliveries.swift */,
			);
			path = DeliveriesList;
			sourceTree = "<group>";
		};
		1395C9A52152DCD2006D4B6E /* Base.lproj */ = {
			isa = PBXGroup;
			children = (
			);
			name = Base.lproj;
			path = ../../SwiftChallenge/SwiftChallenge/Base.lproj;
			sourceTree = "<group>";
		};
		1395C9A62152DCD2006D4B6E /* Enums */ = {
			isa = PBXGroup;
			children = (
				1395C9A72152DCD2006D4B6E /* ControllersEnum.swift */,
			);
			name = Enums;
			path = ../../SwiftChallenge/SwiftChallenge/Enums;
			sourceTree = "<group>";
		};
		1395C9A82152DCD2006D4B6E /* Extenssions */ = {
			isa = PBXGroup;
			children = (
				1395C9A92152DCD2006D4B6E /* UIAlertController+Extension.swift */,
				1395C9AA2152DCD2006D4B6E /* UILabel+Extension.swift */,
				1395C9AB2152DCD2006D4B6E /* UIViewcontroller+Extension.swift */,
				1395C9AC2152DCD2006D4B6E /* Alamofire+Extension.swift */,
				1395C9AD2152DCD2006D4B6E /* VHUD+Extension.swift */,
				1395C9AE2152DCD2006D4B6E /* UITableView+Extension.swift */,
			);
			name = Extenssions;
			path = ../../SwiftChallenge/SwiftChallenge/Extenssions;
			sourceTree = "<group>";
		};
		1395C9B12152DCD2006D4B6E /* Controllers */ = {
			isa = PBXGroup;
			children = (
				1395C9B22152DCD2006D4B6E /* DeliveriesList */,
				1395C9B42152DCD2006D4B6E /* DeliveryDetail */,
			);
			name = Controllers;
			path = ../../SwiftChallenge/SwiftChallenge/Controllers;
			sourceTree = "<group>";
		};
		1395C9B22152DCD2006D4B6E /* DeliveriesList */ = {
			isa = PBXGroup;
			children = (
				1395C9B32152DCD2006D4B6E /* DeliveriesListViewController.swift */,
			);
			path = DeliveriesList;
			sourceTree = "<group>";
		};
		1395C9B42152DCD2006D4B6E /* DeliveryDetail */ = {
			isa = PBXGroup;
			children = (
				1395C9B52152DCD2006D4B6E /* DeliverDetailViewController.swift */,
			);
			path = DeliveryDetail;
			sourceTree = "<group>";
		};
		1395C9B62152DCD3006D4B6E /* Utilities */ = {
			isa = PBXGroup;
			children = (
				1395C9B72152DCD3006D4B6E /* Constants.swift */,
				1395C9B82152DCD3006D4B6E /* Strings.swift */,
				1395C9B92152DCD3006D4B6E /* Webservice.swift */,
			);
			name = Utilities;
			path = ../../SwiftChallenge/SwiftChallenge/Utilities;
			sourceTree = "<group>";
		};
		1395C9BA2152DCD3006D4B6E /* View */ = {
			isa = PBXGroup;
			children = (
				1395C9BB2152DCD3006D4B6E /* DeliveriesList */,
				1395C9BD2152DCD3006D4B6E /* DeliveryDetail */,
			);
			name = View;
			path = ../../SwiftChallenge/SwiftChallenge/View;
			sourceTree = "<group>";
		};
		1395C9BB2152DCD3006D4B6E /* DeliveriesList */ = {
			isa = PBXGroup;
			children = (
				1395C9BC2152DCD3006D4B6E /* DeliveriesView.swift */,
			);
			path = DeliveriesList;
			sourceTree = "<group>";
		};
		1395C9BD2152DCD3006D4B6E /* DeliveryDetail */ = {
			isa = PBXGroup;
			children = (
				1395C9BE2152DCD3006D4B6E /* DeliveryDetailView.swift */,
			);
			path = DeliveryDetail;
			sourceTree = "<group>";
		};
		1395C9BF2152DCD3006D4B6E /* Cells */ = {
			isa = PBXGroup;
			children = (
				1395C9C02152DCD3006D4B6E /* DeliveriesList */,
			);
			name = Cells;
			path = ../../SwiftChallenge/SwiftChallenge/Cells;
			sourceTree = "<group>";
		};
		1395C9C02152DCD3006D4B6E /* DeliveriesList */ = {
			isa = PBXGroup;
			children = (
				1395C9C12152DCD3006D4B6E /* DeliveriesTableViewCell.swift */,
			);
			path = DeliveriesList;
			sourceTree = "<group>";
		};
		5C8C3B11BE3C4BD66F478421 /* Pods */ = {
			isa = PBXGroup;
			children = (
				28950139BAF4B7E39F393CC0 /* Pods-SwiftChallange.debug.xcconfig */,
				3D299A9E3D54520BDC4ACDBC /* Pods-SwiftChallange.release.xcconfig */,
			);
			name = Pods;
			sourceTree = "<group>";
		};
/* End PBXGroup section */

/* Begin PBXNativeTarget section */
		1395C98A2152DC40006D4B6E /* SwiftChallange */ = {
			isa = PBXNativeTarget;
			buildConfigurationList = 1395C99D2152DC40006D4B6E /* Build configuration list for PBXNativeTarget "SwiftChallange" */;
			buildPhases = (
				A2DBD054CFA4339C37FCB49A /* [CP] Check Pods Manifest.lock */,
				1395C9872152DC40006D4B6E /* Sources */,
				1395C9882152DC40006D4B6E /* Frameworks */,
				1395C9892152DC40006D4B6E /* Resources */,
				EF790BA4C605EA36AB451268 /* [CP] Embed Pods Frameworks */,
				9006FDFD794D0528E20CEE9B /* [CP] Copy Pods Resources */,
			);
			buildRules = (
			);
			dependencies = (
			);
			name = SwiftChallange;
			productName = SwiftChallange;
			productReference = 1395C98B2152DC40006D4B6E /* SwiftChallange.app */;
			productType = "com.apple.product-type.application";
		};
/* End PBXNativeTarget section */

/* Begin PBXProject section */
		1395C9832152DC40006D4B6E /* Project object */ = {
			isa = PBXProject;
			attributes = {
				LastSwiftUpdateCheck = 0910;
				LastUpgradeCheck = 0910;
				ORGANIZATIONNAME = Manish;
				TargetAttributes = {
					1395C98A2152DC40006D4B6E = {
						CreatedOnToolsVersion = 9.1;
						LastSwiftMigration = 0910;
						ProvisioningStyle = Automatic;
					};
				};
			};
			buildConfigurationList = 1395C9862152DC40006D4B6E /* Build configuration list for PBXProject "SwiftChallange" */;
			compatibilityVersion = "Xcode 8.0";
			developmentRegion = en;
			hasScannedForEncodings = 0;
			knownRegions = (
				en,
				Base,
			);
			mainGroup = 1395C9822152DC40006D4B6E;
			productRefGroup = 1395C98C2152DC40006D4B6E /* Products */;
			projectDirPath = "";
			projectRoot = "";
			targets = (
				1395C98A2152DC40006D4B6E /* SwiftChallange */,
			);
		};
/* End PBXProject section */

/* Begin PBXResourcesBuildPhase section */
		1395C9892152DC40006D4B6E /* Resources */ = {
			isa = PBXResourcesBuildPhase;
			buildActionMask = 2147483647;
			files = (
				1395C9CD2152DCD3006D4B6E /* Launch Screen.storyboard in Resources */,
				1395C9C22152DCD3006D4B6E /* Assets.xcassets in Resources */,
			);
			runOnlyForDeploymentPostprocessing = 0;
		};
/* End PBXResourcesBuildPhase section */

/* Begin PBXShellScriptBuildPhase section */
		9006FDFD794D0528E20CEE9B /* [CP] Copy Pods Resources */ = {
			isa = PBXShellScriptBuildPhase;
			buildActionMask = 2147483647;
			files = (
			);
			inputPaths = (
			);
			name = "[CP] Copy Pods Resources";
			outputPaths = (
			);
			runOnlyForDeploymentPostprocessing = 0;
			shellPath = /bin/sh;
			shellScript = "\"${SRCROOT}/Pods/Target Support Files/Pods-SwiftChallange/Pods-SwiftChallange-resources.sh\"\n";
			showEnvVarsInLog = 0;
		};
		A2DBD054CFA4339C37FCB49A /* [CP] Check Pods Manifest.lock */ = {
			isa = PBXShellScriptBuildPhase;
			buildActionMask = 2147483647;
			files = (
			);
			inputPaths = (
				"${PODS_PODFILE_DIR_PATH}/Podfile.lock",
				"${PODS_ROOT}/Manifest.lock",
			);
			name = "[CP] Check Pods Manifest.lock";
			outputPaths = (
				"$(DERIVED_FILE_DIR)/Pods-SwiftChallange-checkManifestLockResult.txt",
			);
			runOnlyForDeploymentPostprocessing = 0;
			shellPath = /bin/sh;
			shellScript = "diff \"${PODS_PODFILE_DIR_PATH}/Podfile.lock\" \"${PODS_ROOT}/Manifest.lock\" > /dev/null\nif [ $? != 0 ] ; then\n    # print error to STDERR\n    echo \"error: The sandbox is not in sync with the Podfile.lock. Run 'pod install' or update your CocoaPods installation.\" >&2\n    exit 1\nfi\n# This output is used by Xcode 'outputs' to avoid re-running this script phase.\necho \"SUCCESS\" > \"${SCRIPT_OUTPUT_FILE_0}\"\n";
			showEnvVarsInLog = 0;
		};
		EF790BA4C605EA36AB451268 /* [CP] Embed Pods Frameworks */ = {
			isa = PBXShellScriptBuildPhase;
			buildActionMask = 2147483647;
			files = (
			);
			inputPaths = (
				"${SRCROOT}/Pods/Target Support Files/Pods-SwiftChallange/Pods-SwiftChallange-frameworks.sh",
				"${BUILT_PRODUCTS_DIR}/Alamofire/Alamofire.framework",
				"${BUILT_PRODUCTS_DIR}/AlamofireImage/AlamofireImage.framework",
				"${BUILT_PRODUCTS_DIR}/SnapKit/SnapKit.framework",
				"${BUILT_PRODUCTS_DIR}/VHUD/VHUD.framework",
			);
			name = "[CP] Embed Pods Frameworks";
			outputPaths = (
				"${TARGET_BUILD_DIR}/${FRAMEWORKS_FOLDER_PATH}/Alamofire.framework",
				"${TARGET_BUILD_DIR}/${FRAMEWORKS_FOLDER_PATH}/AlamofireImage.framework",
				"${TARGET_BUILD_DIR}/${FRAMEWORKS_FOLDER_PATH}/SnapKit.framework",
				"${TARGET_BUILD_DIR}/${FRAMEWORKS_FOLDER_PATH}/VHUD.framework",
			);
			runOnlyForDeploymentPostprocessing = 0;
			shellPath = /bin/sh;
			shellScript = "\"${SRCROOT}/Pods/Target Support Files/Pods-SwiftChallange/Pods-SwiftChallange-frameworks.sh\"\n";
			showEnvVarsInLog = 0;
		};
/* End PBXShellScriptBuildPhase section */

/* Begin PBXSourcesBuildPhase section */
		1395C9872152DC40006D4B6E /* Sources */ = {
			isa = PBXSourcesBuildPhase;
			buildActionMask = 2147483647;
			files = (
				1395C9C82152DCD3006D4B6E /* UIViewcontroller+Extension.swift in Sources */,
				1395C9C32152DCD3006D4B6E /* Location.swift in Sources */,
				1395C9D42152DCD3006D4B6E /* DeliveryDetailView.swift in Sources */,
				1395C9CB2152DCD3006D4B6E /* UITableView+Extension.swift in Sources */,
				1395C9CF2152DCD3006D4B6E /* DeliverDetailViewController.swift in Sources */,
				1395C9C52152DCD3006D4B6E /* ControllersEnum.swift in Sources */,
				1395C9C72152DCD3006D4B6E /* UILabel+Extension.swift in Sources */,
				1395C9D32152DCD3006D4B6E /* DeliveriesView.swift in Sources */,
				1395C9D12152DCD3006D4B6E /* Strings.swift in Sources */,
				1395C9C62152DCD3006D4B6E /* UIAlertController+Extension.swift in Sources */,
				1395C9D22152DCD3006D4B6E /* Webservice.swift in Sources */,
				1395C9D02152DCD3006D4B6E /* Constants.swift in Sources */,
				1395C9C42152DCD3006D4B6E /* Deliveries.swift in Sources */,
				1395C9D52152DCD3006D4B6E /* DeliveriesTableViewCell.swift in Sources */,
				1395C9CA2152DCD3006D4B6E /* VHUD+Extension.swift in Sources */,
				1395C9CE2152DCD3006D4B6E /* DeliveriesListViewController.swift in Sources */,
				1395C9CC2152DCD3006D4B6E /* AppDelegate.swift in Sources */,
				1395C9C92152DCD3006D4B6E /* Alamofire+Extension.swift in Sources */,
			);
			runOnlyForDeploymentPostprocessing = 0;
		};
/* End PBXSourcesBuildPhase section */

/* Begin XCBuildConfiguration section */
		1395C99B2152DC40006D4B6E /* Debug */ = {
			isa = XCBuildConfiguration;
			buildSettings = {
				ALWAYS_SEARCH_USER_PATHS = NO;
				CLANG_ANALYZER_NONNULL = YES;
				CLANG_ANALYZER_NUMBER_OBJECT_CONVERSION = YES_AGGRESSIVE;
				CLANG_CXX_LANGUAGE_STANDARD = "gnu++14";
				CLANG_CXX_LIBRARY = "libc++";
				CLANG_ENABLE_MODULES = YES;
				CLANG_ENABLE_OBJC_ARC = YES;
				CLANG_WARN_BLOCK_CAPTURE_AUTORELEASING = YES;
				CLANG_WARN_BOOL_CONVERSION = YES;
				CLANG_WARN_COMMA = YES;
				CLANG_WARN_CONSTANT_CONVERSION = YES;
				CLANG_WARN_DIRECT_OBJC_ISA_USAGE = YES_ERROR;
				CLANG_WARN_DOCUMENTATION_COMMENTS = YES;
				CLANG_WARN_EMPTY_BODY = YES;
				CLANG_WARN_ENUM_CONVERSION = YES;
				CLANG_WARN_INFINITE_RECURSION = YES;
				CLANG_WARN_INT_CONVERSION = YES;
				CLANG_WARN_NON_LITERAL_NULL_CONVERSION = YES;
				CLANG_WARN_OBJC_LITERAL_CONVERSION = YES;
				CLANG_WARN_OBJC_ROOT_CLASS = YES_ERROR;
				CLANG_WARN_RANGE_LOOP_ANALYSIS = YES;
				CLANG_WARN_STRICT_PROTOTYPES = YES;
				CLANG_WARN_SUSPICIOUS_MOVE = YES;
				CLANG_WARN_UNGUARDED_AVAILABILITY = YES_AGGRESSIVE;
				CLANG_WARN_UNREACHABLE_CODE = YES;
				CLANG_WARN__DUPLICATE_METHOD_MATCH = YES;
				CODE_SIGN_IDENTITY = "iPhone Developer";
				COPY_PHASE_STRIP = NO;
				DEBUG_INFORMATION_FORMAT = dwarf;
				ENABLE_STRICT_OBJC_MSGSEND = YES;
				ENABLE_TESTABILITY = YES;
				GCC_C_LANGUAGE_STANDARD = gnu11;
				GCC_DYNAMIC_NO_PIC = NO;
				GCC_NO_COMMON_BLOCKS = YES;
				GCC_OPTIMIZATION_LEVEL = 0;
				GCC_PREPROCESSOR_DEFINITIONS = (
					"DEBUG=1",
					"$(inherited)",
				);
				GCC_WARN_64_TO_32_BIT_CONVERSION = YES;
				GCC_WARN_ABOUT_RETURN_TYPE = YES_ERROR;
				GCC_WARN_UNDECLARED_SELECTOR = YES;
				GCC_WARN_UNINITIALIZED_AUTOS = YES_AGGRESSIVE;
				GCC_WARN_UNUSED_FUNCTION = YES;
				GCC_WARN_UNUSED_VARIABLE = YES;
				IPHONEOS_DEPLOYMENT_TARGET = 11.1;
				MTL_ENABLE_DEBUG_INFO = YES;
				ONLY_ACTIVE_ARCH = YES;
				SDKROOT = iphoneos;
				SWIFT_ACTIVE_COMPILATION_CONDITIONS = DEBUG;
				SWIFT_OPTIMIZATION_LEVEL = "-Onone";
			};
			name = Debug;
		};
		1395C99C2152DC40006D4B6E /* Release */ = {
			isa = XCBuildConfiguration;
			buildSettings = {
				ALWAYS_SEARCH_USER_PATHS = NO;
				CLANG_ANALYZER_NONNULL = YES;
				CLANG_ANALYZER_NUMBER_OBJECT_CONVERSION = YES_AGGRESSIVE;
				CLANG_CXX_LANGUAGE_STANDARD = "gnu++14";
				CLANG_CXX_LIBRARY = "libc++";
				CLANG_ENABLE_MODULES = YES;
				CLANG_ENABLE_OBJC_ARC = YES;
				CLANG_WARN_BLOCK_CAPTURE_AUTORELEASING = YES;
				CLANG_WARN_BOOL_CONVERSION = YES;
				CLANG_WARN_COMMA = YES;
				CLANG_WARN_CONSTANT_CONVERSION = YES;
				CLANG_WARN_DIRECT_OBJC_ISA_USAGE = YES_ERROR;
				CLANG_WARN_DOCUMENTATION_COMMENTS = YES;
				CLANG_WARN_EMPTY_BODY = YES;
				CLANG_WARN_ENUM_CONVERSION = YES;
				CLANG_WARN_INFINITE_RECURSION = YES;
				CLANG_WARN_INT_CONVERSION = YES;
				CLANG_WARN_NON_LITERAL_NULL_CONVERSION = YES;
				CLANG_WARN_OBJC_LITERAL_CONVERSION = YES;
				CLANG_WARN_OBJC_ROOT_CLASS = YES_ERROR;
				CLANG_WARN_RANGE_LOOP_ANALYSIS = YES;
				CLANG_WARN_STRICT_PROTOTYPES = YES;
				CLANG_WARN_SUSPICIOUS_MOVE = YES;
				CLANG_WARN_UNGUARDED_AVAILABILITY = YES_AGGRESSIVE;
				CLANG_WARN_UNREACHABLE_CODE = YES;
				CLANG_WARN__DUPLICATE_METHOD_MATCH = YES;
				CODE_SIGN_IDENTITY = "iPhone Developer";
				COPY_PHASE_STRIP = NO;
				DEBUG_INFORMATION_FORMAT = "dwarf-with-dsym";
				ENABLE_NS_ASSERTIONS = NO;
				ENABLE_STRICT_OBJC_MSGSEND = YES;
				GCC_C_LANGUAGE_STANDARD = gnu11;
				GCC_NO_COMMON_BLOCKS = YES;
				GCC_WARN_64_TO_32_BIT_CONVERSION = YES;
				GCC_WARN_ABOUT_RETURN_TYPE = YES_ERROR;
				GCC_WARN_UNDECLARED_SELECTOR = YES;
				GCC_WARN_UNINITIALIZED_AUTOS = YES_AGGRESSIVE;
				GCC_WARN_UNUSED_FUNCTION = YES;
				GCC_WARN_UNUSED_VARIABLE = YES;
				IPHONEOS_DEPLOYMENT_TARGET = 11.1;
				MTL_ENABLE_DEBUG_INFO = NO;
				SDKROOT = iphoneos;
				SWIFT_OPTIMIZATION_LEVEL = "-Owholemodule";
				VALIDATE_PRODUCT = YES;
			};
			name = Release;
		};
		1395C99E2152DC40006D4B6E /* Debug */ = {
			isa = XCBuildConfiguration;
			baseConfigurationReference = 28950139BAF4B7E39F393CC0 /* Pods-SwiftChallange.debug.xcconfig */;
			buildSettings = {
				ASSETCATALOG_COMPILER_APPICON_NAME = AppIcon;
				CLANG_ENABLE_MODULES = YES;
				CODE_SIGN_STYLE = Automatic;
				DEVELOPMENT_TEAM = USJQ28Q29N;
				INFOPLIST_FILE = SwiftChallange/Info.plist;
				LD_RUNPATH_SEARCH_PATHS = "$(inherited) @executable_path/Frameworks";
				PRODUCT_BUNDLE_IDENTIFIER = com.manish.SwiftChallange;
				PRODUCT_NAME = "$(TARGET_NAME)";
				SWIFT_OPTIMIZATION_LEVEL = "-Onone";
				SWIFT_VERSION = 4.0;
				TARGETED_DEVICE_FAMILY = "1,2";
			};
			name = Debug;
		};
		1395C99F2152DC40006D4B6E /* Release */ = {
			isa = XCBuildConfiguration;
			baseConfigurationReference = 3D299A9E3D54520BDC4ACDBC /* Pods-SwiftChallange.release.xcconfig */;
			buildSettings = {
				ASSETCATALOG_COMPILER_APPICON_NAME = AppIcon;
				CLANG_ENABLE_MODULES = YES;
				CODE_SIGN_STYLE = Automatic;
				DEVELOPMENT_TEAM = USJQ28Q29N;
				INFOPLIST_FILE = SwiftChallange/Info.plist;
				LD_RUNPATH_SEARCH_PATHS = "$(inherited) @executable_path/Frameworks";
				PRODUCT_BUNDLE_IDENTIFIER = com.manish.SwiftChallange;
				PRODUCT_NAME = "$(TARGET_NAME)";
				SWIFT_VERSION = 4.0;
				TARGETED_DEVICE_FAMILY = "1,2";
			};
			name = Release;
		};
/* End XCBuildConfiguration section */

/* Begin XCConfigurationList section */
		1395C9862152DC40006D4B6E /* Build configuration list for PBXProject "SwiftChallange" */ = {
			isa = XCConfigurationList;
			buildConfigurations = (
				1395C99B2152DC40006D4B6E /* Debug */,
				1395C99C2152DC40006D4B6E /* Release */,
			);
			defaultConfigurationIsVisible = 0;
			defaultConfigurationName = Release;
		};
		1395C99D2152DC40006D4B6E /* Build configuration list for PBXNativeTarget "SwiftChallange" */ = {
			isa = XCConfigurationList;
			buildConfigurations = (
				1395C99E2152DC40006D4B6E /* Debug */,
				1395C99F2152DC40006D4B6E /* Release */,
			);
			defaultConfigurationIsVisible = 0;
			defaultConfigurationName = Release;
		};
/* End XCConfigurationList section */
	};
	rootObject = 1395C9832152DC40006D4B6E /* Project object */;
}
